
Microsoft Visual Studio Solution File, Format Version 12.00
# Visual Studio Version 17
VisualStudioVersion = 17.5.33530.505
MinimumVisualStudioVersion = 10.0.40219.1
Project("{FAE04EC0-301F-11D3-BF4B-00C04F79EFBC}") = "TecsupMaps.Android", "TecsupMaps\TecsupMaps.Android\TecsupMaps.Android.csproj", "{3CA98A30-B889-41D7-BE30-8207B8207B7F}"
EndProject
Project("{FAE04EC0-301F-11D3-BF4B-00C04F79EFBC}") = "TecsupMaps.iOS", "TecsupMaps\TecsupMaps.iOS\TecsupMaps.iOS.csproj", "{1AF84B01-1A1F-4DAF-BFDB-6A25808A8519}"
EndProject
Project("{FAE04EC0-301F-11D3-BF4B-00C04F79EFBC}") = "TecsupMaps", "TecsupMaps\TecsupMaps\TecsupMaps.csproj", "{E3E5D2B3-FD9F-4459-9C41-BC5EBD77AB33}"
EndProject
Global
	GlobalSection(SolutionConfigurationPlatforms) = preSolution
		Debug|Any CPU = Debug|Any CPU
		Debug|iPhone = Debug|iPhone
		Debug|iPhoneSimulator = Debug|iPhoneSimulator
		Release|Any CPU = Release|Any CPU
		Release|iPhone = Release|iPhone
		Release|iPhoneSimulator = Release|iPhoneSimulator
	EndGlobalSection
	GlobalSection(ProjectConfigurationPlatforms) = postSolution
		{3CA98A30-B889-41D7-BE30-8207B8207B7F}.Debug|Any CPU.ActiveCfg = Debug|Any CPU
		{3CA98A30-B889-41D7-BE30-8207B8207B7F}.Debug|Any CPU.Build.0 = Debug|Any CPU
		{3CA98A30-B889-41D7-BE30-8207B8207B7F}.Debug|Any CPU.Deploy.0 = Debug|Any CPU
		{3CA98A30-B889-41D7-BE30-8207B8207B7F}.Debug|iPhone.ActiveCfg = Debug|Any CPU
		{3CA98A30-B889-41D7-BE30-8207B8207B7F}.Debug|iPhone.Build.0 = Debug|Any CPU
		{3CA98A30-B889-41D7-BE30-8207B8207B7F}.Debug|iPhone.Deploy.0 = Debug|Any CPU
		{3CA98A30-B889-41D7-BE30-8207B8207B7F}.Debug|iPhoneSimulator.ActiveCfg = Debug|Any CPU
		{3CA98A30-B889-41D7-BE30-8207B8207B7F}.Debug|iPhoneSimulator.Build.0 = Debug|Any CPU
		{3CA98A30-B889-41D7-BE30-8207B8207B7F}.Debug|iPhoneSimulator.Deploy.0 = Debug|Any CPU
		{3CA98A30-B889-41D7-BE30-8207B8207B7F}.Release|Any CPU.ActiveCfg = Release|Any CPU
		{3CA98A30-B889-41D7-BE30-8207B8207B7F}.Release|Any CPU.Build.0 = Release|Any CPU
		{3CA98A30-B889-41D7-BE30-8207B8207B7F}.Release|Any CPU.Deploy.0 = Release|Any CPU
		{3CA98A30-B889-41D7-BE30-8207B8207B7F}.Release|iPhone.ActiveCfg = Release|Any CPU
		{3CA98A30-B889-41D7-BE30-8207B8207B7F}.Release|iPhone.Build.0 = Release|Any CPU
		{3CA98A30-B889-41D7-BE30-8207B8207B7F}.Release|iPhone.Deploy.0 = Release|Any CPU
		{3CA98A30-B889-41D7-BE30-8207B8207B7F}.Release|iPhoneSimulator.ActiveCfg = Release|Any CPU
		{3CA98A30-B889-41D7-BE30-8207B8207B7F}.Release|iPhoneSimulator.Build.0 = Release|Any CPU
		{3CA98A30-B889-41D7-BE30-8207B8207B7F}.Release|iPhoneSimulator.Deploy.0 = Release|Any CPU
		{1AF84B01-1A1F-4DAF-BFDB-6A25808A8519}.Debug|Any CPU.ActiveCfg = Debug|iPhone
		{1AF84B01-1A1F-4DAF-BFDB-6A25808A8519}.Debug|Any CPU.Build.0 = Debug|iPhone
		{1AF84B01-1A1F-4DAF-BFDB-6A25808A8519}.Debug|Any CPU.Deploy.0 = Debug|iPhone
		{1AF84B01-1A1F-4DAF-BFDB-6A25808A8519}.Debug|iPhone.ActiveCfg = Debug|iPhone
		{1AF84B01-1A1F-4DAF-BFDB-6A25808A8519}.Debug|iPhone.Build.0 = Debug|iPhone
		{1AF84B01-1A1F-4DAF-BFDB-6A25808A8519}.Debug|iPhone.Deploy.0 = Debug|iPhone
		{1AF84B01-1A1F-4DAF-BFDB-6A25808A8519}.Debug|iPhoneSimulator.ActiveCfg = Debug|iPhoneSimulator
		{1AF84B01-1A1F-4DAF-BFDB-6A25808A8519}.Debug|iPhoneSimulator.Build.0 = Debug|iPhoneSimulator
		{1AF84B01-1A1F-4DAF-BFDB-6A25808A8519}.Debug|iPhoneSimulator.Deploy.0 = Debug|iPhoneSimulator
		{1AF84B01-1A1F-4DAF-BFDB-6A25808A8519}.Release|Any CPU.ActiveCfg = Release|iPhoneSimulator
		{1AF84B01-1A1F-4DAF-BFDB-6A25808A8519}.Release|Any CPU.Build.0 = Release|iPhoneSimulator
		{1AF84B01-1A1F-4DAF-BFDB-6A25808A8519}.Release|Any CPU.Deploy.0 = Release|iPhoneSimulator
		{1AF84B01-1A1F-4DAF-BFDB-6A25808A8519}.Release|iPhone.ActiveCfg = Release|iPhone
		{1AF84B01-1A1F-4DAF-BFDB-6A25808A8519}.Release|iPhone.Build.0 = Release|iPhone
		{1AF84B01-1A1F-4DAF-BFDB-6A25808A8519}.Release|iPhone.Deploy.0 = Release|iPhone
		{1AF84B01-1A1F-4DAF-BFDB-6A25808A8519}.Release|iPhoneSimulator.ActiveCfg = Release|iPhoneSimulator
		{1AF84B01-1A1F-4DAF-BFDB-6A25808A8519}.Release|iPhoneSimulator.Build.0 = Release|iPhoneSimulator
		{1AF84B01-1A1F-4DAF-BFDB-6A25808A8519}.Release|iPhoneSimulator.Deploy.0 = Release|iPhoneSimulator
		{E3E5D2B3-FD9F-4459-9C41-BC5EBD77AB33}.Debug|Any CPU.ActiveCfg = Debug|Any CPU
		{E3E5D2B3-FD9F-4459-9C41-BC5EBD77AB33}.Debug|Any CPU.Build.0 = Debug|Any CPU
		{E3E5D2B3-FD9F-4459-9C41-BC5EBD77AB33}.Debug|Any CPU.Deploy.0 = Debug|Any CPU
		{E3E5D2B3-FD9F-4459-9C41-BC5EBD77AB33}.Debug|iPhone.ActiveCfg = Debug|Any CPU
		{E3E5D2B3-FD9F-4459-9C41-BC5EBD77AB33}.Debug|iPhone.Build.0 = Debug|Any CPU
		{E3E5D2B3-FD9F-4459-9C41-BC5EBD77AB33}.Debug|iPhone.Deploy.0 = Debug|Any CPU
		{E3E5D2B3-FD9F-4459-9C41-BC5EBD77AB33}.Debug|iPhoneSimulator.ActiveCfg = Debug|Any CPU
		{E3E5D2B3-FD9F-4459-9C41-BC5EBD77AB33}.Debug|iPhoneSimulator.Build.0 = Debug|Any CPU
		{E3E5D2B3-FD9F-4459-9C41-BC5EBD77AB33}.Debug|iPhoneSimulator.Deploy.0 = Debug|Any CPU
		{E3E5D2B3-FD9F-4459-9C41-BC5EBD77AB33}.Release|Any CPU.ActiveCfg = Release|Any CPU
		{E3E5D2B3-FD9F-4459-9C41-BC5EBD77AB33}.Release|Any CPU.Build.0 = Release|Any CPU
		{E3E5D2B3-FD9F-4459-9C41-BC5EBD77AB33}.Release|Any CPU.Deploy.0 = Release|Any CPU
		{E3E5D2B3-FD9F-4459-9C41-BC5EBD77AB33}.Release|iPhone.ActiveCfg = Release|Any CPU
		{E3E5D2B3-FD9F-4459-9C41-BC5EBD77AB33}.Release|iPhone.Build.0 = Release|Any CPU
		{E3E5D2B3-FD9F-4459-9C41-BC5EBD77AB33}.Release|iPhone.Deploy.0 = Release|Any CPU
		{E3E5D2B3-FD9F-4459-9C41-BC5EBD77AB33}.Release|iPhoneSimulator.ActiveCfg = Release|Any CPU
		{E3E5D2B3-FD9F-4459-9C41-BC5EBD77AB33}.Release|iPhoneSimulator.Build.0 = Release|Any CPU
		{E3E5D2B3-FD9F-4459-9C41-BC5EBD77AB33}.Release|iPhoneSimulator.Deploy.0 = Release|Any CPU
	EndGlobalSection
	GlobalSection(SolutionProperties) = preSolution
		HideSolutionNode = FALSE
	EndGlobalSection
	GlobalSection(ExtensibilityGlobals) = postSolution
		SolutionGuid = {069B0970-061C-49FC-93F6-C59F2AE7E8AE}
	EndGlobalSection
EndGlobal
